
Microsoft Visual Studio Solution File, Format Version 12.00
# Visual Studio Version 17
VisualStudioVersion = 17.9.34728.123
MinimumVisualStudioVersion = 10.0.40219.1
Project("{FAE04EC0-301F-11D3-BF4B-00C04F79EFBC}") = "ProductManegement", "ProductManegement\ProductManegement.csproj", "{4E692DA6-19E4-49AE-82D4-B12708B9E9B1}"
EndProject
Global
	GlobalSection(SolutionConfigurationPlatforms) = preSolution
		Debug|Any CPU = Debug|Any CPU
		Release|Any CPU = Release|Any CPU
	EndGlobalSection
	GlobalSection(ProjectConfigurationPlatforms) = postSolution
		{4E692DA6-19E4-49AE-82D4-B12708B9E9B1}.Debug|Any CPU.ActiveCfg = Debug|Any CPU
		{4E692DA6-19E4-49AE-82D4-B12708B9E9B1}.Debug|Any CPU.Build.0 = Debug|Any CPU
		{4E692DA6-19E4-49AE-82D4-B12708B9E9B1}.Release|Any CPU.ActiveCfg = Release|Any CPU
		{4E692DA6-19E4-49AE-82D4-B12708B9E9B1}.Release|Any CPU.Build.0 = Release|Any CPU
	EndGlobalSection
	GlobalSection(SolutionProperties) = preSolution
		HideSolutionNode = FALSE
	EndGlobalSection
	GlobalSection(ExtensibilityGlobals) = postSolution
		SolutionGuid = {DC58AEA8-B7CE-486A-B64F-A34D1B00C9A7}
	EndGlobalSection
EndGlobal
